// !$*UTF8*$!
{
	archiveVersion = 1;
	classes = {
	};
	objectVersion = 56;
	objects = {

/* Begin PBXBuildFile section */
		E93159FF2C03F24200D238F7 /* AudioDeviceHelper.swift in Sources */ = {isa = PBXBuildFile; fileRef = E93159FE2C03F24200D238F7 /* AudioDeviceHelper.swift */; };
		E9315A012C03F74400D238F7 /* AudioDeviceDebugHelper.swift in Sources */ = {isa = PBXBuildFile; fileRef = E9315A002C03F74400D238F7 /* AudioDeviceDebugHelper.swift */; };
		E9525B002BA4AC70006D1B84 /* Utils.swift in Sources */ = {isa = PBXBuildFile; fileRef = E9525AFF2BA4AC70006D1B84 /* Utils.swift */; };
		E985A9982B92F59F005494FA /* PairPodsApp.swift in Sources */ = {isa = PBXBuildFile; fileRef = E985A9972B92F59F005494FA /* PairPodsApp.swift */; };
		E985A99C2B92F5A0005494FA /* Assets.xcassets in Resources */ = {isa = PBXBuildFile; fileRef = E985A99B2B92F5A0005494FA /* Assets.xcassets */; };
		E985A99F2B92F5A0005494FA /* Preview Assets.xcassets in Resources */ = {isa = PBXBuildFile; fileRef = E985A99E2B92F5A0005494FA /* Preview Assets.xcassets */; };
		E985A9C42B936984005494FA /* CoreAudio.framework in Frameworks */ = {isa = PBXBuildFile; fileRef = E985A9C32B936984005494FA /* CoreAudio.framework */; };
		E985A9C62B95975A005494FA /* AudioSharingViewModel.swift in Sources */ = {isa = PBXBuildFile; fileRef = E985A9C52B95975A005494FA /* AudioSharingViewModel.swift */; };
		E9C1777B2C03EA950062C0E0 /* LaunchAtLogin in Frameworks */ = {isa = PBXBuildFile; productRef = E9C1777A2C03EA950062C0E0 /* LaunchAtLogin */; };
/* End PBXBuildFile section */

/* Begin PBXFileReference section */
		E93159FE2C03F24200D238F7 /* AudioDeviceHelper.swift */ = {isa = PBXFileReference; lastKnownFileType = sourcecode.swift; path = AudioDeviceHelper.swift; sourceTree = "<group>"; };
		E9315A002C03F74400D238F7 /* AudioDeviceDebugHelper.swift */ = {isa = PBXFileReference; lastKnownFileType = sourcecode.swift; path = AudioDeviceDebugHelper.swift; sourceTree = "<group>"; };
		E9525AFF2BA4AC70006D1B84 /* Utils.swift */ = {isa = PBXFileReference; lastKnownFileType = sourcecode.swift; path = Utils.swift; sourceTree = "<group>"; };
		E985A9942B92F59F005494FA /* PairPods.app */ = {isa = PBXFileReference; explicitFileType = wrapper.application; includeInIndex = 0; path = PairPods.app; sourceTree = BUILT_PRODUCTS_DIR; };
		E985A9972B92F59F005494FA /* PairPodsApp.swift */ = {isa = PBXFileReference; lastKnownFileType = sourcecode.swift; path = PairPodsApp.swift; sourceTree = "<group>"; };
		E985A99B2B92F5A0005494FA /* Assets.xcassets */ = {isa = PBXFileReference; lastKnownFileType = folder.assetcatalog; path = Assets.xcassets; sourceTree = "<group>"; };
		E985A99E2B92F5A0005494FA /* Preview Assets.xcassets */ = {isa = PBXFileReference; lastKnownFileType = folder.assetcatalog; path = "Preview Assets.xcassets"; sourceTree = "<group>"; };
		E985A9A02B92F5A0005494FA /* PairPods.entitlements */ = {isa = PBXFileReference; lastKnownFileType = text.plist.entitlements; path = PairPods.entitlements; sourceTree = "<group>"; };
		E985A9C32B936984005494FA /* CoreAudio.framework */ = {isa = PBXFileReference; lastKnownFileType = wrapper.framework; name = CoreAudio.framework; path = System/Library/Frameworks/CoreAudio.framework; sourceTree = SDKROOT; };
		E985A9C52B95975A005494FA /* AudioSharingViewModel.swift */ = {isa = PBXFileReference; lastKnownFileType = sourcecode.swift; path = AudioSharingViewModel.swift; sourceTree = "<group>"; };
		E9B438DD2BA2C374005EB7A9 /* Info.plist */ = {isa = PBXFileReference; lastKnownFileType = text.plist; path = Info.plist; sourceTree = "<group>"; };
/* End PBXFileReference section */

/* Begin PBXFrameworksBuildPhase section */
		E985A9912B92F59F005494FA /* Frameworks */ = {
			isa = PBXFrameworksBuildPhase;
			buildActionMask = 2147483647;
			files = (
				E9C1777B2C03EA950062C0E0 /* LaunchAtLogin in Frameworks */,
				E985A9C42B936984005494FA /* CoreAudio.framework in Frameworks */,
			);
			runOnlyForDeploymentPostprocessing = 0;
		};
/* End PBXFrameworksBuildPhase section */

/* Begin PBXGroup section */
		E985A98B2B92F59F005494FA = {
			isa = PBXGroup;
			children = (
				E985A9962B92F59F005494FA /* PairPods */,
				E985A9952B92F59F005494FA /* Products */,
				E985A9C22B936984005494FA /* Frameworks */,
			);
			sourceTree = "<group>";
		};
		E985A9952B92F59F005494FA /* Products */ = {
			isa = PBXGroup;
			children = (
				E985A9942B92F59F005494FA /* PairPods.app */,
			);
			name = Products;
			sourceTree = "<group>";
		};
		E985A9962B92F59F005494FA /* PairPods */ = {
			isa = PBXGroup;
			children = (
				E9B438DD2BA2C374005EB7A9 /* Info.plist */,
				E985A9972B92F59F005494FA /* PairPodsApp.swift */,
				E93159FE2C03F24200D238F7 /* AudioDeviceHelper.swift */,
				E9315A002C03F74400D238F7 /* AudioDeviceDebugHelper.swift */,
				E985A9C52B95975A005494FA /* AudioSharingViewModel.swift */,
				E9525AFF2BA4AC70006D1B84 /* Utils.swift */,
				E985A99B2B92F5A0005494FA /* Assets.xcassets */,
				E985A9A02B92F5A0005494FA /* PairPods.entitlements */,
				E985A99D2B92F5A0005494FA /* Preview Content */,
			);
			path = PairPods;
			sourceTree = "<group>";
		};
		E985A99D2B92F5A0005494FA /* Preview Content */ = {
			isa = PBXGroup;
			children = (
				E985A99E2B92F5A0005494FA /* Preview Assets.xcassets */,
			);
			path = "Preview Content";
			sourceTree = "<group>";
		};
		E985A9C22B936984005494FA /* Frameworks */ = {
			isa = PBXGroup;
			children = (
				E985A9C32B936984005494FA /* CoreAudio.framework */,
			);
			name = Frameworks;
			sourceTree = "<group>";
		};
/* End PBXGroup section */

/* Begin PBXNativeTarget section */
		E985A9932B92F59F005494FA /* PairPods */ = {
			isa = PBXNativeTarget;
			buildConfigurationList = E985A9B92B92F5A0005494FA /* Build configuration list for PBXNativeTarget "PairPods" */;
			buildPhases = (
				E985A9902B92F59F005494FA /* Sources */,
				E985A9912B92F59F005494FA /* Frameworks */,
				E985A9922B92F59F005494FA /* Resources */,
			);
			buildRules = (
			);
			dependencies = (
			);
			name = PairPods;
			packageProductDependencies = (
				E9C1777A2C03EA950062C0E0 /* LaunchAtLogin */,
			);
			productName = PairPods;
			productReference = E985A9942B92F59F005494FA /* PairPods.app */;
			productType = "com.apple.product-type.application";
		};
/* End PBXNativeTarget section */

/* Begin PBXProject section */
		E985A98C2B92F59F005494FA /* Project object */ = {
			isa = PBXProject;
			attributes = {
				BuildIndependentTargetsInParallel = 1;
				LastSwiftUpdateCheck = 1520;
				LastUpgradeCheck = 1530;
				TargetAttributes = {
					E985A9932B92F59F005494FA = {
						CreatedOnToolsVersion = 15.2;
					};
				};
			};
			buildConfigurationList = E985A98F2B92F59F005494FA /* Build configuration list for PBXProject "PairPods" */;
			compatibilityVersion = "Xcode 14.0";
			developmentRegion = en;
			hasScannedForEncodings = 0;
			knownRegions = (
				en,
				Base,
			);
			mainGroup = E985A98B2B92F59F005494FA;
			packageReferences = (
				E9C177792C03EA950062C0E0 /* XCRemoteSwiftPackageReference "LaunchAtLogin-Modern" */,
			);
			productRefGroup = E985A9952B92F59F005494FA /* Products */;
			projectDirPath = "";
			projectRoot = "";
			targets = (
				E985A9932B92F59F005494FA /* PairPods */,
			);
		};
/* End PBXProject section */

/* Begin PBXResourcesBuildPhase section */
		E985A9922B92F59F005494FA /* Resources */ = {
			isa = PBXResourcesBuildPhase;
			buildActionMask = 2147483647;
			files = (
				E985A99F2B92F5A0005494FA /* Preview Assets.xcassets in Resources */,
				E985A99C2B92F5A0005494FA /* Assets.xcassets in Resources */,
			);
			runOnlyForDeploymentPostprocessing = 0;
		};
/* End PBXResourcesBuildPhase section */

/* Begin PBXSourcesBuildPhase section */
		E985A9902B92F59F005494FA /* Sources */ = {
			isa = PBXSourcesBuildPhase;
			buildActionMask = 2147483647;
			files = (
				E93159FF2C03F24200D238F7 /* AudioDeviceHelper.swift in Sources */,
				E9315A012C03F74400D238F7 /* AudioDeviceDebugHelper.swift in Sources */,
				E985A9C62B95975A005494FA /* AudioSharingViewModel.swift in Sources */,
				E985A9982B92F59F005494FA /* PairPodsApp.swift in Sources */,
				E9525B002BA4AC70006D1B84 /* Utils.swift in Sources */,
			);
			runOnlyForDeploymentPostprocessing = 0;
		};
/* End PBXSourcesBuildPhase section */

/* Begin XCBuildConfiguration section */
		E985A9B72B92F5A0005494FA /* Debug */ = {
			isa = XCBuildConfiguration;
			buildSettings = {
				ALWAYS_SEARCH_USER_PATHS = NO;
				ASSETCATALOG_COMPILER_GENERATE_SWIFT_ASSET_SYMBOL_EXTENSIONS = YES;
				CLANG_ANALYZER_NONNULL = YES;
				CLANG_ANALYZER_NUMBER_OBJECT_CONVERSION = YES_AGGRESSIVE;
				CLANG_CXX_LANGUAGE_STANDARD = "gnu++20";
				CLANG_ENABLE_MODULES = YES;
				CLANG_ENABLE_OBJC_ARC = YES;
				CLANG_ENABLE_OBJC_WEAK = YES;
				CLANG_WARN_BLOCK_CAPTURE_AUTORELEASING = YES;
				CLANG_WARN_BOOL_CONVERSION = YES;
				CLANG_WARN_COMMA = YES;
				CLANG_WARN_CONSTANT_CONVERSION = YES;
				CLANG_WARN_DEPRECATED_OBJC_IMPLEMENTATIONS = YES;
				CLANG_WARN_DIRECT_OBJC_ISA_USAGE = YES_ERROR;
				CLANG_WARN_DOCUMENTATION_COMMENTS = YES;
				CLANG_WARN_EMPTY_BODY = YES;
				CLANG_WARN_ENUM_CONVERSION = YES;
				CLANG_WARN_INFINITE_RECURSION = YES;
				CLANG_WARN_INT_CONVERSION = YES;
				CLANG_WARN_NON_LITERAL_NULL_CONVERSION = YES;
				CLANG_WARN_OBJC_IMPLICIT_RETAIN_SELF = YES;
				CLANG_WARN_OBJC_LITERAL_CONVERSION = YES;
				CLANG_WARN_OBJC_ROOT_CLASS = YES_ERROR;
				CLANG_WARN_QUOTED_INCLUDE_IN_FRAMEWORK_HEADER = YES;
				CLANG_WARN_RANGE_LOOP_ANALYSIS = YES;
				CLANG_WARN_STRICT_PROTOTYPES = YES;
				CLANG_WARN_SUSPICIOUS_MOVE = YES;
				CLANG_WARN_UNGUARDED_AVAILABILITY = YES_AGGRESSIVE;
				CLANG_WARN_UNREACHABLE_CODE = YES;
				CLANG_WARN__DUPLICATE_METHOD_MATCH = YES;
				COPY_PHASE_STRIP = NO;
				DEAD_CODE_STRIPPING = YES;
				DEBUG_INFORMATION_FORMAT = dwarf;
				ENABLE_STRICT_OBJC_MSGSEND = YES;
				ENABLE_TESTABILITY = YES;
				ENABLE_USER_SCRIPT_SANDBOXING = YES;
				GCC_C_LANGUAGE_STANDARD = gnu17;
				GCC_DYNAMIC_NO_PIC = NO;
				GCC_NO_COMMON_BLOCKS = YES;
				GCC_OPTIMIZATION_LEVEL = 0;
				GCC_PREPROCESSOR_DEFINITIONS = (
					"DEBUG=1",
					"$(inherited)",
				);
				GCC_WARN_64_TO_32_BIT_CONVERSION = YES;
				GCC_WARN_ABOUT_RETURN_TYPE = YES_ERROR;
				GCC_WARN_UNDECLARED_SELECTOR = YES;
				GCC_WARN_UNINITIALIZED_AUTOS = YES_AGGRESSIVE;
				GCC_WARN_UNUSED_FUNCTION = YES;
				GCC_WARN_UNUSED_VARIABLE = YES;
				LOCALIZATION_PREFERS_STRING_CATALOGS = YES;
				MACOSX_DEPLOYMENT_TARGET = 14.2;
				MTL_ENABLE_DEBUG_INFO = INCLUDE_SOURCE;
				MTL_FAST_MATH = YES;
				ONLY_ACTIVE_ARCH = YES;
				SDKROOT = macosx;
				SWIFT_ACTIVE_COMPILATION_CONDITIONS = "DEBUG $(inherited)";
				SWIFT_OPTIMIZATION_LEVEL = "-Onone";
			};
			name = Debug;
		};
		E985A9B82B92F5A0005494FA /* Release */ = {
			isa = XCBuildConfiguration;
			buildSettings = {
				ALWAYS_SEARCH_USER_PATHS = NO;
				ASSETCATALOG_COMPILER_GENERATE_SWIFT_ASSET_SYMBOL_EXTENSIONS = YES;
				CLANG_ANALYZER_NONNULL = YES;
				CLANG_ANALYZER_NUMBER_OBJECT_CONVERSION = YES_AGGRESSIVE;
				CLANG_CXX_LANGUAGE_STANDARD = "gnu++20";
				CLANG_ENABLE_MODULES = YES;
				CLANG_ENABLE_OBJC_ARC = YES;
				CLANG_ENABLE_OBJC_WEAK = YES;
				CLANG_WARN_BLOCK_CAPTURE_AUTORELEASING = YES;
				CLANG_WARN_BOOL_CONVERSION = YES;
				CLANG_WARN_COMMA = YES;
				CLANG_WARN_CONSTANT_CONVERSION = YES;
				CLANG_WARN_DEPRECATED_OBJC_IMPLEMENTATIONS = YES;
				CLANG_WARN_DIRECT_OBJC_ISA_USAGE = YES_ERROR;
				CLANG_WARN_DOCUMENTATION_COMMENTS = YES;
				CLANG_WARN_EMPTY_BODY = YES;
				CLANG_WARN_ENUM_CONVERSION = YES;
				CLANG_WARN_INFINITE_RECURSION = YES;
				CLANG_WARN_INT_CONVERSION = YES;
				CLANG_WARN_NON_LITERAL_NULL_CONVERSION = YES;
				CLANG_WARN_OBJC_IMPLICIT_RETAIN_SELF = YES;
				CLANG_WARN_OBJC_LITERAL_CONVERSION = YES;
				CLANG_WARN_OBJC_ROOT_CLASS = YES_ERROR;
				CLANG_WARN_QUOTED_INCLUDE_IN_FRAMEWORK_HEADER = YES;
				CLANG_WARN_RANGE_LOOP_ANALYSIS = YES;
				CLANG_WARN_STRICT_PROTOTYPES = YES;
				CLANG_WARN_SUSPICIOUS_MOVE = YES;
				CLANG_WARN_UNGUARDED_AVAILABILITY = YES_AGGRESSIVE;
				CLANG_WARN_UNREACHABLE_CODE = YES;
				CLANG_WARN__DUPLICATE_METHOD_MATCH = YES;
				COPY_PHASE_STRIP = NO;
				DEAD_CODE_STRIPPING = YES;
				DEBUG_INFORMATION_FORMAT = "dwarf-with-dsym";
				ENABLE_NS_ASSERTIONS = NO;
				ENABLE_STRICT_OBJC_MSGSEND = YES;
				ENABLE_USER_SCRIPT_SANDBOXING = YES;
				GCC_C_LANGUAGE_STANDARD = gnu17;
				GCC_NO_COMMON_BLOCKS = YES;
				GCC_WARN_64_TO_32_BIT_CONVERSION = YES;
				GCC_WARN_ABOUT_RETURN_TYPE = YES_ERROR;
				GCC_WARN_UNDECLARED_SELECTOR = YES;
				GCC_WARN_UNINITIALIZED_AUTOS = YES_AGGRESSIVE;
				GCC_WARN_UNUSED_FUNCTION = YES;
				GCC_WARN_UNUSED_VARIABLE = YES;
				LOCALIZATION_PREFERS_STRING_CATALOGS = YES;
				MACOSX_DEPLOYMENT_TARGET = 14.2;
				MTL_ENABLE_DEBUG_INFO = NO;
				MTL_FAST_MATH = YES;
				SDKROOT = macosx;
				SWIFT_COMPILATION_MODE = wholemodule;
			};
			name = Release;
		};
		E985A9BA2B92F5A0005494FA /* Debug */ = {
			isa = XCBuildConfiguration;
			buildSettings = {
				ASSETCATALOG_COMPILER_APPICON_NAME = AppIcon;
				ASSETCATALOG_COMPILER_GLOBAL_ACCENT_COLOR_NAME = AccentColor;
				CODE_SIGN_ENTITLEMENTS = PairPods/PairPods.entitlements;
				CODE_SIGN_STYLE = Automatic;
				COMBINE_HIDPI_IMAGES = YES;
				CURRENT_PROJECT_VERSION = 1;
				DEAD_CODE_STRIPPING = YES;
				DEVELOPMENT_ASSET_PATHS = "\"PairPods/Preview Content\"";
				DEVELOPMENT_TEAM = VAH9WL9LJH;
				ENABLE_HARDENED_RUNTIME = YES;
				ENABLE_PREVIEWS = YES;
				GENERATE_INFOPLIST_FILE = YES;
				INFOPLIST_FILE = PairPods/Info.plist;
				INFOPLIST_KEY_CFBundleDisplayName = PairPods;
				INFOPLIST_KEY_LSApplicationCategoryType = "public.app-category.utilities";
				INFOPLIST_KEY_LSUIElement = YES;
				INFOPLIST_KEY_NSHumanReadableCopyright = "";
				LD_RUNPATH_SEARCH_PATHS = (
					"$(inherited)",
					"@executable_path/../Frameworks",
				);
				MACOSX_DEPLOYMENT_TARGET = 13.0;
				MARKETING_VERSION = 1.0;
				PRODUCT_BUNDLE_IDENTIFIER = com.vantabyte.PairPods;
				PRODUCT_NAME = "$(TARGET_NAME)";
				SWIFT_EMIT_LOC_STRINGS = YES;
				SWIFT_VERSION = 5.0;
			};
			name = Debug;
		};
		E985A9BB2B92F5A0005494FA /* Release */ = {
			isa = XCBuildConfiguration;
			buildSettings = {
				ASSETCATALOG_COMPILER_APPICON_NAME = AppIcon;
				ASSETCATALOG_COMPILER_GLOBAL_ACCENT_COLOR_NAME = AccentColor;
				CODE_SIGN_ENTITLEMENTS = PairPods/PairPods.entitlements;
				CODE_SIGN_STYLE = Automatic;
				COMBINE_HIDPI_IMAGES = YES;
				CURRENT_PROJECT_VERSION = 1;
				DEAD_CODE_STRIPPING = YES;
				DEVELOPMENT_ASSET_PATHS = "\"PairPods/Preview Content\"";
				DEVELOPMENT_TEAM = VAH9WL9LJH;
				ENABLE_HARDENED_RUNTIME = YES;
				ENABLE_PREVIEWS = YES;
				GENERATE_INFOPLIST_FILE = YES;
				INFOPLIST_FILE = PairPods/Info.plist;
				INFOPLIST_KEY_CFBundleDisplayName = PairPods;
				INFOPLIST_KEY_LSApplicationCategoryType = "public.app-category.utilities";
				INFOPLIST_KEY_LSUIElement = YES;
				INFOPLIST_KEY_NSHumanReadableCopyright = "";
				LD_RUNPATH_SEARCH_PATHS = (
					"$(inherited)",
					"@executable_path/../Frameworks",
				);
				MACOSX_DEPLOYMENT_TARGET = 13.0;
				MARKETING_VERSION = 1.0;
				PRODUCT_BUNDLE_IDENTIFIER = com.vantabyte.PairPods;
				PRODUCT_NAME = "$(TARGET_NAME)";
				SWIFT_EMIT_LOC_STRINGS = YES;
				SWIFT_VERSION = 5.0;
			};
			name = Release;
		};
/* End XCBuildConfiguration section */

/* Begin XCConfigurationList section */
		E985A98F2B92F59F005494FA /* Build configuration list for PBXProject "PairPods" */ = {
			isa = XCConfigurationList;
			buildConfigurations = (
				E985A9B72B92F5A0005494FA /* Debug */,
				E985A9B82B92F5A0005494FA /* Release */,
			);
			defaultConfigurationIsVisible = 0;
			defaultConfigurationName = Release;
		};
		E985A9B92B92F5A0005494FA /* Build configuration list for PBXNativeTarget "PairPods" */ = {
			isa = XCConfigurationList;
			buildConfigurations = (
				E985A9BA2B92F5A0005494FA /* Debug */,
				E985A9BB2B92F5A0005494FA /* Release */,
			);
			defaultConfigurationIsVisible = 0;
			defaultConfigurationName = Release;
		};
/* End XCConfigurationList section */

/* Begin XCRemoteSwiftPackageReference section */
		E9C177792C03EA950062C0E0 /* XCRemoteSwiftPackageReference "LaunchAtLogin-Modern" */ = {
			isa = XCRemoteSwiftPackageReference;
			repositoryURL = "https://github.com/sindresorhus/LaunchAtLogin-Modern";
			requirement = {
				branch = main;
				kind = branch;
			};
		};
/* End XCRemoteSwiftPackageReference section */

/* Begin XCSwiftPackageProductDependency section */
		E9C1777A2C03EA950062C0E0 /* LaunchAtLogin */ = {
			isa = XCSwiftPackageProductDependency;
			package = E9C177792C03EA950062C0E0 /* XCRemoteSwiftPackageReference "LaunchAtLogin-Modern" */;
			productName = LaunchAtLogin;
		};
/* End XCSwiftPackageProductDependency section */
	};
	rootObject = E985A98C2B92F59F005494FA /* Project object */;
}
